
Microsoft Visual Studio Solution File, Format Version 12.00
# Visual Studio Version 17
VisualStudioVersion = 17.4.33122.133
MinimumVisualStudioVersion = 10.0.40219.1
Project("{FAE04EC0-301F-11D3-BF4B-00C04F79EFBC}") = "Toto-Simulator", "Toto-Simulator.csproj", "{FF8588A2-2F51-4756-ACFF-DD54D5FE3B79}"
EndProject
Global
	GlobalSection(SolutionConfigurationPlatforms) = preSolution
		Debug|Any CPU = Debug|Any CPU
		Release|Any CPU = Release|Any CPU
	EndGlobalSection
	GlobalSection(ProjectConfigurationPlatforms) = postSolution
		{FF8588A2-2F51-4756-ACFF-DD54D5FE3B79}.Debug|Any CPU.ActiveCfg = Debug|Any CPU
		{FF8588A2-2F51-4756-ACFF-DD54D5FE3B79}.Debug|Any CPU.Build.0 = Debug|Any CPU
		{FF8588A2-2F51-4756-ACFF-DD54D5FE3B79}.Release|Any CPU.ActiveCfg = Release|Any CPU
		{FF8588A2-2F51-4756-ACFF-DD54D5FE3B79}.Release|Any CPU.Build.0 = Release|Any CPU
	EndGlobalSection
	GlobalSection(SolutionProperties) = preSolution
		HideSolutionNode = FALSE
	EndGlobalSection
	GlobalSection(ExtensibilityGlobals) = postSolution
		SolutionGuid = {75880FB5-0E83-4F80-8945-6E5E5ED88A4A}
	EndGlobalSection
EndGlobal
